<Solution>
  <Configurations>
    <Platform Name="Any CPU" />
    <Platform Name="x64" />
    <Platform Name="x86" />
  </Configurations>
  <Folder Name="/Solution Items/">
    <File Path=".editorconfig" />
    <File Path="CleanArchitecture.nuspec" />
    <File Path="Directory.Build.props" />
    <File Path="Directory.Packages.props" />
    <File Path="docs/architecture-decisions/README.md" />
    <File Path="integrate-languagext.yaml" />
    <File Path="prompt-spec.schema.yaml" />
  </Folder>
  <Folder Name="/src/">
    <Project Path="src/Clean.Architecture.Core/Core.csproj" />
    <Project Path="src/Clean.Architecture.Infrastructure/Infrastructure.csproj" />
    <Project Path="src/Clean.Architecture.Sdk/Sdk.csproj" />
    <Project Path="src/Clean.Architecture.UseCases/UseCases.csproj" />
    <Project Path="src/Clean.Architecture.Web/Web.csproj" />
  </Folder>
  <Folder Name="/src/_aspire/">
    <Project Path="src/Clean.Architecture.AspireHost/AspireHost.csproj" />
    <Project Path="src/Clean.Architecture.ServiceDefaults/ServiceDefaults.csproj" />
  </Folder>
  <Folder Name="/tests/">
    <Project Path="tests/Clean.Architecture.FunctionalTests/FunctionalTests.csproj" />
    <Project Path="tests/Clean.Architecture.IntegrationTests/IntegrationTests.csproj">
      <BuildDependency Project="src/Clean.Architecture.Infrastructure/Infrastructure.csproj" />
    </Project>
    <Project Path="tests/Clean.Architecture.UnitTests/UnitTests.csproj" />
  </Folder>
</Solution>
